// !$*UTF8*$!
{
	archiveVersion = 1;
	classes = {
	};
	objectVersion = 50;
	objects = {

/* Begin PBXBuildFile section */
		0B47D3C224CEE8E0008CFE86 /* AppDelegate.swift in Sources */ = {isa = PBXBuildFile; fileRef = 0B47D3C124CEE8E0008CFE86 /* AppDelegate.swift */; };
		0B47D3C424CEE8E0008CFE86 /* SceneDelegate.swift in Sources */ = {isa = PBXBuildFile; fileRef = 0B47D3C324CEE8E0008CFE86 /* SceneDelegate.swift */; };
		0B47D3C924CEE8E0008CFE86 /* Main.storyboard in Resources */ = {isa = PBXBuildFile; fileRef = 0B47D3C724CEE8E0008CFE86 /* Main.storyboard */; };
		0B47D3CB24CEE8E1008CFE86 /* Assets.xcassets in Resources */ = {isa = PBXBuildFile; fileRef = 0B47D3CA24CEE8E1008CFE86 /* Assets.xcassets */; };
		0B47D3CE24CEE8E1008CFE86 /* LaunchScreen.storyboard in Resources */ = {isa = PBXBuildFile; fileRef = 0B47D3CC24CEE8E1008CFE86 /* LaunchScreen.storyboard */; };
		0B47D3D924CEE8E2008CFE86 /* StackoverflowSearchTests.swift in Sources */ = {isa = PBXBuildFile; fileRef = 0B47D3D824CEE8E2008CFE86 /* StackoverflowSearchTests.swift */; };
		0B47D3E424CEE8E2008CFE86 /* StackoverflowSearchUITests.swift in Sources */ = {isa = PBXBuildFile; fileRef = 0B47D3E324CEE8E2008CFE86 /* StackoverflowSearchUITests.swift */; };
		0B5CDF9524CEEF07008A0D45 /* SearchViewController.swift in Sources */ = {isa = PBXBuildFile; fileRef = 0B5CDF9424CEEF07008A0D45 /* SearchViewController.swift */; };
		0B5CDF9924CEF403008A0D45 /* UIColor+Extension.swift in Sources */ = {isa = PBXBuildFile; fileRef = 0B5CDF9824CEF403008A0D45 /* UIColor+Extension.swift */; };
		0B5CDF9B24CEF525008A0D45 /* UIView+Extension.swift in Sources */ = {isa = PBXBuildFile; fileRef = 0B5CDF9A24CEF525008A0D45 /* UIView+Extension.swift */; };
		0B5CDF9E24CEF681008A0D45 /* SearchResultCell.swift in Sources */ = {isa = PBXBuildFile; fileRef = 0B5CDF9D24CEF681008A0D45 /* SearchResultCell.swift */; };
/* End PBXBuildFile section */

/* Begin PBXContainerItemProxy section */
		0B47D3D524CEE8E2008CFE86 /* PBXContainerItemProxy */ = {
			isa = PBXContainerItemProxy;
			containerPortal = 0B47D3B624CEE8DF008CFE86 /* Project object */;
			proxyType = 1;
			remoteGlobalIDString = 0B47D3BD24CEE8E0008CFE86;
			remoteInfo = StackoverflowSearch;
		};
		0B47D3E024CEE8E2008CFE86 /* PBXContainerItemProxy */ = {
			isa = PBXContainerItemProxy;
			containerPortal = 0B47D3B624CEE8DF008CFE86 /* Project object */;
			proxyType = 1;
			remoteGlobalIDString = 0B47D3BD24CEE8E0008CFE86;
			remoteInfo = StackoverflowSearch;
		};
/* End PBXContainerItemProxy section */

/* Begin PBXFileReference section */
		0B47D3BE24CEE8E0008CFE86 /* StackoverflowSearch.app */ = {isa = PBXFileReference; explicitFileType = wrapper.application; includeInIndex = 0; path = StackoverflowSearch.app; sourceTree = BUILT_PRODUCTS_DIR; };
		0B47D3C124CEE8E0008CFE86 /* AppDelegate.swift */ = {isa = PBXFileReference; lastKnownFileType = sourcecode.swift; path = AppDelegate.swift; sourceTree = "<group>"; };
		0B47D3C324CEE8E0008CFE86 /* SceneDelegate.swift */ = {isa = PBXFileReference; lastKnownFileType = sourcecode.swift; path = SceneDelegate.swift; sourceTree = "<group>"; };
		0B47D3C824CEE8E0008CFE86 /* Base */ = {isa = PBXFileReference; lastKnownFileType = file.storyboard; name = Base; path = Base.lproj/Main.storyboard; sourceTree = "<group>"; };
		0B47D3CA24CEE8E1008CFE86 /* Assets.xcassets */ = {isa = PBXFileReference; lastKnownFileType = folder.assetcatalog; path = Assets.xcassets; sourceTree = "<group>"; };
		0B47D3CD24CEE8E1008CFE86 /* Base */ = {isa = PBXFileReference; lastKnownFileType = file.storyboard; name = Base; path = Base.lproj/LaunchScreen.storyboard; sourceTree = "<group>"; };
		0B47D3CF24CEE8E1008CFE86 /* Info.plist */ = {isa = PBXFileReference; lastKnownFileType = text.plist.xml; path = Info.plist; sourceTree = "<group>"; };
		0B47D3D424CEE8E2008CFE86 /* StackoverflowSearchTests.xctest */ = {isa = PBXFileReference; explicitFileType = wrapper.cfbundle; includeInIndex = 0; path = StackoverflowSearchTests.xctest; sourceTree = BUILT_PRODUCTS_DIR; };
		0B47D3D824CEE8E2008CFE86 /* StackoverflowSearchTests.swift */ = {isa = PBXFileReference; lastKnownFileType = sourcecode.swift; path = StackoverflowSearchTests.swift; sourceTree = "<group>"; };
		0B47D3DA24CEE8E2008CFE86 /* Info.plist */ = {isa = PBXFileReference; lastKnownFileType = text.plist.xml; path = Info.plist; sourceTree = "<group>"; };
		0B47D3DF24CEE8E2008CFE86 /* StackoverflowSearchUITests.xctest */ = {isa = PBXFileReference; explicitFileType = wrapper.cfbundle; includeInIndex = 0; path = StackoverflowSearchUITests.xctest; sourceTree = BUILT_PRODUCTS_DIR; };
		0B47D3E324CEE8E2008CFE86 /* StackoverflowSearchUITests.swift */ = {isa = PBXFileReference; lastKnownFileType = sourcecode.swift; path = StackoverflowSearchUITests.swift; sourceTree = "<group>"; };
		0B47D3E524CEE8E2008CFE86 /* Info.plist */ = {isa = PBXFileReference; lastKnownFileType = text.plist.xml; path = Info.plist; sourceTree = "<group>"; };
		0B5CDF9424CEEF07008A0D45 /* SearchViewController.swift */ = {isa = PBXFileReference; lastKnownFileType = sourcecode.swift; path = SearchViewController.swift; sourceTree = "<group>"; };
		0B5CDF9824CEF403008A0D45 /* UIColor+Extension.swift */ = {isa = PBXFileReference; lastKnownFileType = sourcecode.swift; path = "UIColor+Extension.swift"; sourceTree = "<group>"; };
		0B5CDF9A24CEF525008A0D45 /* UIView+Extension.swift */ = {isa = PBXFileReference; lastKnownFileType = sourcecode.swift; path = "UIView+Extension.swift"; sourceTree = "<group>"; };
		0B5CDF9D24CEF681008A0D45 /* SearchResultCell.swift */ = {isa = PBXFileReference; lastKnownFileType = sourcecode.swift; path = SearchResultCell.swift; sourceTree = "<group>"; };
/* End PBXFileReference section */

/* Begin PBXFrameworksBuildPhase section */
		0B47D3BB24CEE8E0008CFE86 /* Frameworks */ = {
			isa = PBXFrameworksBuildPhase;
			buildActionMask = 2147483647;
			files = (
			);
			runOnlyForDeploymentPostprocessing = 0;
		};
		0B47D3D124CEE8E2008CFE86 /* Frameworks */ = {
			isa = PBXFrameworksBuildPhase;
			buildActionMask = 2147483647;
			files = (
			);
			runOnlyForDeploymentPostprocessing = 0;
		};
		0B47D3DC24CEE8E2008CFE86 /* Frameworks */ = {
			isa = PBXFrameworksBuildPhase;
			buildActionMask = 2147483647;
			files = (
			);
			runOnlyForDeploymentPostprocessing = 0;
		};
/* End PBXFrameworksBuildPhase section */

/* Begin PBXGroup section */
		0B47D3B524CEE8DF008CFE86 = {
			isa = PBXGroup;
			children = (
				0B47D3C024CEE8E0008CFE86 /* StackoverflowSearch */,
				0B47D3D724CEE8E2008CFE86 /* StackoverflowSearchTests */,
				0B47D3E224CEE8E2008CFE86 /* StackoverflowSearchUITests */,
				0B47D3BF24CEE8E0008CFE86 /* Products */,
			);
			sourceTree = "<group>";
		};
		0B47D3BF24CEE8E0008CFE86 /* Products */ = {
			isa = PBXGroup;
			children = (
				0B47D3BE24CEE8E0008CFE86 /* StackoverflowSearch.app */,
				0B47D3D424CEE8E2008CFE86 /* StackoverflowSearchTests.xctest */,
				0B47D3DF24CEE8E2008CFE86 /* StackoverflowSearchUITests.xctest */,
			);
			name = Products;
			sourceTree = "<group>";
		};
		0B47D3C024CEE8E0008CFE86 /* StackoverflowSearch */ = {
			isa = PBXGroup;
			children = (
				0B47D3F224CEEDD1008CFE86 /* Core */,
				0B47D3F124CEEDC8008CFE86 /* Features */,
				0B47D3C124CEE8E0008CFE86 /* AppDelegate.swift */,
				0B47D3C324CEE8E0008CFE86 /* SceneDelegate.swift */,
				0B47D3C724CEE8E0008CFE86 /* Main.storyboard */,
				0B47D3CA24CEE8E1008CFE86 /* Assets.xcassets */,
				0B47D3CC24CEE8E1008CFE86 /* LaunchScreen.storyboard */,
				0B47D3CF24CEE8E1008CFE86 /* Info.plist */,
			);
			path = StackoverflowSearch;
			sourceTree = "<group>";
		};
		0B47D3D724CEE8E2008CFE86 /* StackoverflowSearchTests */ = {
			isa = PBXGroup;
			children = (
				0B47D3D824CEE8E2008CFE86 /* StackoverflowSearchTests.swift */,
				0B47D3DA24CEE8E2008CFE86 /* Info.plist */,
			);
			path = StackoverflowSearchTests;
			sourceTree = "<group>";
		};
		0B47D3E224CEE8E2008CFE86 /* StackoverflowSearchUITests */ = {
			isa = PBXGroup;
			children = (
				0B47D3E324CEE8E2008CFE86 /* StackoverflowSearchUITests.swift */,
				0B47D3E524CEE8E2008CFE86 /* Info.plist */,
			);
			path = StackoverflowSearchUITests;
			sourceTree = "<group>";
		};
		0B47D3F124CEEDC8008CFE86 /* Features */ = {
			isa = PBXGroup;
			children = (
				0B47D3F324CEEE1F008CFE86 /* Search */,
			);
			path = Features;
			sourceTree = "<group>";
		};
		0B47D3F224CEEDD1008CFE86 /* Core */ = {
			isa = PBXGroup;
			children = (
				0B5CDF9624CEF3DE008A0D45 /* Extension */,
			);
			path = Core;
			sourceTree = "<group>";
		};
		0B47D3F324CEEE1F008CFE86 /* Search */ = {
			isa = PBXGroup;
			children = (
				0B47D3F424CEEE33008CFE86 /* View */,
			);
			path = Search;
			sourceTree = "<group>";
		};
		0B47D3F424CEEE33008CFE86 /* View */ = {
			isa = PBXGroup;
			children = (
				0B5CDF9C24CEF645008A0D45 /* Component */,
				0B47D3F524CEEE46008CFE86 /* Controller */,
			);
			path = View;
			sourceTree = "<group>";
		};
		0B47D3F524CEEE46008CFE86 /* Controller */ = {
			isa = PBXGroup;
			children = (
				0B5CDF9424CEEF07008A0D45 /* SearchViewController.swift */,
			);
			path = Controller;
			sourceTree = "<group>";
		};
		0B5CDF9624CEF3DE008A0D45 /* Extension */ = {
			isa = PBXGroup;
			children = (
				0B5CDF9724CEF3EE008A0D45 /* UIKit */,
			);
			path = Extension;
			sourceTree = "<group>";
		};
		0B5CDF9724CEF3EE008A0D45 /* UIKit */ = {
			isa = PBXGroup;
			children = (
				0B5CDF9824CEF403008A0D45 /* UIColor+Extension.swift */,
				0B5CDF9A24CEF525008A0D45 /* UIView+Extension.swift */,
			);
			path = UIKit;
			sourceTree = "<group>";
		};
		0B5CDF9C24CEF645008A0D45 /* Component */ = {
			isa = PBXGroup;
			children = (
				0B5CDF9D24CEF681008A0D45 /* SearchResultCell.swift */,
			);
			path = Component;
			sourceTree = "<group>";
		};
/* End PBXGroup section */

/* Begin PBXNativeTarget section */
		0B47D3BD24CEE8E0008CFE86 /* StackoverflowSearch */ = {
			isa = PBXNativeTarget;
			buildConfigurationList = 0B47D3E824CEE8E2008CFE86 /* Build configuration list for PBXNativeTarget "StackoverflowSearch" */;
			buildPhases = (
				0B47D3BA24CEE8E0008CFE86 /* Sources */,
				0B47D3BB24CEE8E0008CFE86 /* Frameworks */,
				0B47D3BC24CEE8E0008CFE86 /* Resources */,
			);
			buildRules = (
			);
			dependencies = (
			);
			name = StackoverflowSearch;
			productName = StackoverflowSearch;
			productReference = 0B47D3BE24CEE8E0008CFE86 /* StackoverflowSearch.app */;
			productType = "com.apple.product-type.application";
		};
		0B47D3D324CEE8E2008CFE86 /* StackoverflowSearchTests */ = {
			isa = PBXNativeTarget;
			buildConfigurationList = 0B47D3EB24CEE8E2008CFE86 /* Build configuration list for PBXNativeTarget "StackoverflowSearchTests" */;
			buildPhases = (
				0B47D3D024CEE8E2008CFE86 /* Sources */,
				0B47D3D124CEE8E2008CFE86 /* Frameworks */,
				0B47D3D224CEE8E2008CFE86 /* Resources */,
			);
			buildRules = (
			);
			dependencies = (
				0B47D3D624CEE8E2008CFE86 /* PBXTargetDependency */,
			);
			name = StackoverflowSearchTests;
			productName = StackoverflowSearchTests;
			productReference = 0B47D3D424CEE8E2008CFE86 /* StackoverflowSearchTests.xctest */;
			productType = "com.apple.product-type.bundle.unit-test";
		};
		0B47D3DE24CEE8E2008CFE86 /* StackoverflowSearchUITests */ = {
			isa = PBXNativeTarget;
			buildConfigurationList = 0B47D3EE24CEE8E2008CFE86 /* Build configuration list for PBXNativeTarget "StackoverflowSearchUITests" */;
			buildPhases = (
				0B47D3DB24CEE8E2008CFE86 /* Sources */,
				0B47D3DC24CEE8E2008CFE86 /* Frameworks */,
				0B47D3DD24CEE8E2008CFE86 /* Resources */,
			);
			buildRules = (
			);
			dependencies = (
				0B47D3E124CEE8E2008CFE86 /* PBXTargetDependency */,
			);
			name = StackoverflowSearchUITests;
			productName = StackoverflowSearchUITests;
			productReference = 0B47D3DF24CEE8E2008CFE86 /* StackoverflowSearchUITests.xctest */;
			productType = "com.apple.product-type.bundle.ui-testing";
		};
/* End PBXNativeTarget section */

/* Begin PBXProject section */
		0B47D3B624CEE8DF008CFE86 /* Project object */ = {
			isa = PBXProject;
			attributes = {
				LastSwiftUpdateCheck = 1160;
				LastUpgradeCheck = 1160;
				ORGANIZATIONNAME = Osiris;
				TargetAttributes = {
					0B47D3BD24CEE8E0008CFE86 = {
						CreatedOnToolsVersion = 11.6;
					};
					0B47D3D324CEE8E2008CFE86 = {
						CreatedOnToolsVersion = 11.6;
						TestTargetID = 0B47D3BD24CEE8E0008CFE86;
					};
					0B47D3DE24CEE8E2008CFE86 = {
						CreatedOnToolsVersion = 11.6;
						TestTargetID = 0B47D3BD24CEE8E0008CFE86;
					};
				};
			};
			buildConfigurationList = 0B47D3B924CEE8DF008CFE86 /* Build configuration list for PBXProject "StackoverflowSearch" */;
			compatibilityVersion = "Xcode 9.3";
			developmentRegion = en;
			hasScannedForEncodings = 0;
			knownRegions = (
				en,
				Base,
			);
			mainGroup = 0B47D3B524CEE8DF008CFE86;
			productRefGroup = 0B47D3BF24CEE8E0008CFE86 /* Products */;
			projectDirPath = "";
			projectRoot = "";
			targets = (
				0B47D3BD24CEE8E0008CFE86 /* StackoverflowSearch */,
				0B47D3D324CEE8E2008CFE86 /* StackoverflowSearchTests */,
				0B47D3DE24CEE8E2008CFE86 /* StackoverflowSearchUITests */,
			);
		};
/* End PBXProject section */

/* Begin PBXResourcesBuildPhase section */
		0B47D3BC24CEE8E0008CFE86 /* Resources */ = {
			isa = PBXResourcesBuildPhase;
			buildActionMask = 2147483647;
			files = (
				0B47D3CE24CEE8E1008CFE86 /* LaunchScreen.storyboard in Resources */,
				0B47D3CB24CEE8E1008CFE86 /* Assets.xcassets in Resources */,
				0B47D3C924CEE8E0008CFE86 /* Main.storyboard in Resources */,
			);
			runOnlyForDeploymentPostprocessing = 0;
		};
		0B47D3D224CEE8E2008CFE86 /* Resources */ = {
			isa = PBXResourcesBuildPhase;
			buildActionMask = 2147483647;
			files = (
			);
			runOnlyForDeploymentPostprocessing = 0;
		};
		0B47D3DD24CEE8E2008CFE86 /* Resources */ = {
			isa = PBXResourcesBuildPhase;
			buildActionMask = 2147483647;
			files = (
			);
			runOnlyForDeploymentPostprocessing = 0;
		};
/* End PBXResourcesBuildPhase section */

/* Begin PBXSourcesBuildPhase section */
		0B47D3BA24CEE8E0008CFE86 /* Sources */ = {
			isa = PBXSourcesBuildPhase;
			buildActionMask = 2147483647;
			files = (
				0B5CDF9524CEEF07008A0D45 /* SearchViewController.swift in Sources */,
				0B47D3C224CEE8E0008CFE86 /* AppDelegate.swift in Sources */,
				0B47D3C424CEE8E0008CFE86 /* SceneDelegate.swift in Sources */,
				0B5CDF9B24CEF525008A0D45 /* UIView+Extension.swift in Sources */,
				0B5CDF9E24CEF681008A0D45 /* SearchResultCell.swift in Sources */,
				0B5CDF9924CEF403008A0D45 /* UIColor+Extension.swift in Sources */,
			);
			runOnlyForDeploymentPostprocessing = 0;
		};
		0B47D3D024CEE8E2008CFE86 /* Sources */ = {
			isa = PBXSourcesBuildPhase;
			buildActionMask = 2147483647;
			files = (
				0B47D3D924CEE8E2008CFE86 /* StackoverflowSearchTests.swift in Sources */,
			);
			runOnlyForDeploymentPostprocessing = 0;
		};
		0B47D3DB24CEE8E2008CFE86 /* Sources */ = {
			isa = PBXSourcesBuildPhase;
			buildActionMask = 2147483647;
			files = (
				0B47D3E424CEE8E2008CFE86 /* StackoverflowSearchUITests.swift in Sources */,
			);
			runOnlyForDeploymentPostprocessing = 0;
		};
/* End PBXSourcesBuildPhase section */

/* Begin PBXTargetDependency section */
		0B47D3D624CEE8E2008CFE86 /* PBXTargetDependency */ = {
			isa = PBXTargetDependency;
			target = 0B47D3BD24CEE8E0008CFE86 /* StackoverflowSearch */;
			targetProxy = 0B47D3D524CEE8E2008CFE86 /* PBXContainerItemProxy */;
		};
		0B47D3E124CEE8E2008CFE86 /* PBXTargetDependency */ = {
			isa = PBXTargetDependency;
			target = 0B47D3BD24CEE8E0008CFE86 /* StackoverflowSearch */;
			targetProxy = 0B47D3E024CEE8E2008CFE86 /* PBXContainerItemProxy */;
		};
/* End PBXTargetDependency section */

/* Begin PBXVariantGroup section */
		0B47D3C724CEE8E0008CFE86 /* Main.storyboard */ = {
			isa = PBXVariantGroup;
			children = (
				0B47D3C824CEE8E0008CFE86 /* Base */,
			);
			name = Main.storyboard;
			sourceTree = "<group>";
		};
		0B47D3CC24CEE8E1008CFE86 /* LaunchScreen.storyboard */ = {
			isa = PBXVariantGroup;
			children = (
				0B47D3CD24CEE8E1008CFE86 /* Base */,
			);
			name = LaunchScreen.storyboard;
			sourceTree = "<group>";
		};
/* End PBXVariantGroup section */

/* Begin XCBuildConfiguration section */
		0B47D3E624CEE8E2008CFE86 /* Debug */ = {
			isa = XCBuildConfiguration;
			buildSettings = {
				ALWAYS_SEARCH_USER_PATHS = NO;
				CLANG_ANALYZER_NONNULL = YES;
				CLANG_ANALYZER_NUMBER_OBJECT_CONVERSION = YES_AGGRESSIVE;
				CLANG_CXX_LANGUAGE_STANDARD = "gnu++14";
				CLANG_CXX_LIBRARY = "libc++";
				CLANG_ENABLE_MODULES = YES;
				CLANG_ENABLE_OBJC_ARC = YES;
				CLANG_ENABLE_OBJC_WEAK = YES;
				CLANG_WARN_BLOCK_CAPTURE_AUTORELEASING = YES;
				CLANG_WARN_BOOL_CONVERSION = YES;
				CLANG_WARN_COMMA = YES;
				CLANG_WARN_CONSTANT_CONVERSION = YES;
				CLANG_WARN_DEPRECATED_OBJC_IMPLEMENTATIONS = YES;
				CLANG_WARN_DIRECT_OBJC_ISA_USAGE = YES_ERROR;
				CLANG_WARN_DOCUMENTATION_COMMENTS = YES;
				CLANG_WARN_EMPTY_BODY = YES;
				CLANG_WARN_ENUM_CONVERSION = YES;
				CLANG_WARN_INFINITE_RECURSION = YES;
				CLANG_WARN_INT_CONVERSION = YES;
				CLANG_WARN_NON_LITERAL_NULL_CONVERSION = YES;
				CLANG_WARN_OBJC_IMPLICIT_RETAIN_SELF = YES;
				CLANG_WARN_OBJC_LITERAL_CONVERSION = YES;
				CLANG_WARN_OBJC_ROOT_CLASS = YES_ERROR;
				CLANG_WARN_RANGE_LOOP_ANALYSIS = YES;
				CLANG_WARN_STRICT_PROTOTYPES = YES;
				CLANG_WARN_SUSPICIOUS_MOVE = YES;
				CLANG_WARN_UNGUARDED_AVAILABILITY = YES_AGGRESSIVE;
				CLANG_WARN_UNREACHABLE_CODE = YES;
				CLANG_WARN__DUPLICATE_METHOD_MATCH = YES;
				COPY_PHASE_STRIP = NO;
				DEBUG_INFORMATION_FORMAT = dwarf;
				ENABLE_STRICT_OBJC_MSGSEND = YES;
				ENABLE_TESTABILITY = YES;
				GCC_C_LANGUAGE_STANDARD = gnu11;
				GCC_DYNAMIC_NO_PIC = NO;
				GCC_NO_COMMON_BLOCKS = YES;
				GCC_OPTIMIZATION_LEVEL = 0;
				GCC_PREPROCESSOR_DEFINITIONS = (
					"DEBUG=1",
					"$(inherited)",
				);
				GCC_WARN_64_TO_32_BIT_CONVERSION = YES;
				GCC_WARN_ABOUT_RETURN_TYPE = YES_ERROR;
				GCC_WARN_UNDECLARED_SELECTOR = YES;
				GCC_WARN_UNINITIALIZED_AUTOS = YES_AGGRESSIVE;
				GCC_WARN_UNUSED_FUNCTION = YES;
				GCC_WARN_UNUSED_VARIABLE = YES;
				IPHONEOS_DEPLOYMENT_TARGET = 13.0;
				MTL_ENABLE_DEBUG_INFO = INCLUDE_SOURCE;
				MTL_FAST_MATH = YES;
				ONLY_ACTIVE_ARCH = YES;
				SDKROOT = iphoneos;
				SWIFT_ACTIVE_COMPILATION_CONDITIONS = DEBUG;
				SWIFT_OPTIMIZATION_LEVEL = "-Onone";
			};
			name = Debug;
		};
		0B47D3E724CEE8E2008CFE86 /* Release */ = {
			isa = XCBuildConfiguration;
			buildSettings = {
				ALWAYS_SEARCH_USER_PATHS = NO;
				CLANG_ANALYZER_NONNULL = YES;
				CLANG_ANALYZER_NUMBER_OBJECT_CONVERSION = YES_AGGRESSIVE;
				CLANG_CXX_LANGUAGE_STANDARD = "gnu++14";
				CLANG_CXX_LIBRARY = "libc++";
				CLANG_ENABLE_MODULES = YES;
				CLANG_ENABLE_OBJC_ARC = YES;
				CLANG_ENABLE_OBJC_WEAK = YES;
				CLANG_WARN_BLOCK_CAPTURE_AUTORELEASING = YES;
				CLANG_WARN_BOOL_CONVERSION = YES;
				CLANG_WARN_COMMA = YES;
				CLANG_WARN_CONSTANT_CONVERSION = YES;
				CLANG_WARN_DEPRECATED_OBJC_IMPLEMENTATIONS = YES;
				CLANG_WARN_DIRECT_OBJC_ISA_USAGE = YES_ERROR;
				CLANG_WARN_DOCUMENTATION_COMMENTS = YES;
				CLANG_WARN_EMPTY_BODY = YES;
				CLANG_WARN_ENUM_CONVERSION = YES;
				CLANG_WARN_INFINITE_RECURSION = YES;
				CLANG_WARN_INT_CONVERSION = YES;
				CLANG_WARN_NON_LITERAL_NULL_CONVERSION = YES;
				CLANG_WARN_OBJC_IMPLICIT_RETAIN_SELF = YES;
				CLANG_WARN_OBJC_LITERAL_CONVERSION = YES;
				CLANG_WARN_OBJC_ROOT_CLASS = YES_ERROR;
				CLANG_WARN_RANGE_LOOP_ANALYSIS = YES;
				CLANG_WARN_STRICT_PROTOTYPES = YES;
				CLANG_WARN_SUSPICIOUS_MOVE = YES;
				CLANG_WARN_UNGUARDED_AVAILABILITY = YES_AGGRESSIVE;
				CLANG_WARN_UNREACHABLE_CODE = YES;
				CLANG_WARN__DUPLICATE_METHOD_MATCH = YES;
				COPY_PHASE_STRIP = NO;
				DEBUG_INFORMATION_FORMAT = "dwarf-with-dsym";
				ENABLE_NS_ASSERTIONS = NO;
				ENABLE_STRICT_OBJC_MSGSEND = YES;
				GCC_C_LANGUAGE_STANDARD = gnu11;
				GCC_NO_COMMON_BLOCKS = YES;
				GCC_WARN_64_TO_32_BIT_CONVERSION = YES;
				GCC_WARN_ABOUT_RETURN_TYPE = YES_ERROR;
				GCC_WARN_UNDECLARED_SELECTOR = YES;
				GCC_WARN_UNINITIALIZED_AUTOS = YES_AGGRESSIVE;
				GCC_WARN_UNUSED_FUNCTION = YES;
				GCC_WARN_UNUSED_VARIABLE = YES;
				IPHONEOS_DEPLOYMENT_TARGET = 13.0;
				MTL_ENABLE_DEBUG_INFO = NO;
				MTL_FAST_MATH = YES;
				SDKROOT = iphoneos;
				SWIFT_COMPILATION_MODE = wholemodule;
				SWIFT_OPTIMIZATION_LEVEL = "-O";
				VALIDATE_PRODUCT = YES;
			};
			name = Release;
		};
		0B47D3E924CEE8E2008CFE86 /* Debug */ = {
			isa = XCBuildConfiguration;
			buildSettings = {
				ASSETCATALOG_COMPILER_APPICON_NAME = AppIcon;
				CODE_SIGN_STYLE = Automatic;
				DEVELOPMENT_TEAM = E46UK4CQ55;
				INFOPLIST_FILE = StackoverflowSearch/Info.plist;
				LD_RUNPATH_SEARCH_PATHS = (
					"$(inherited)",
					"@executable_path/Frameworks",
				);
				PRODUCT_BUNDLE_IDENTIFIER = com.osiris.StackoverflowSearch;
				PRODUCT_NAME = "$(TARGET_NAME)";
				SWIFT_VERSION = 5.0;
				TARGETED_DEVICE_FAMILY = "1,2";
			};
			name = Debug;
		};
		0B47D3EA24CEE8E2008CFE86 /* Release */ = {
			isa = XCBuildConfiguration;
			buildSettings = {
				ASSETCATALOG_COMPILER_APPICON_NAME = AppIcon;
				CODE_SIGN_STYLE = Automatic;
				DEVELOPMENT_TEAM = E46UK4CQ55;
				INFOPLIST_FILE = StackoverflowSearch/Info.plist;
				LD_RUNPATH_SEARCH_PATHS = (
					"$(inherited)",
					"@executable_path/Frameworks",
				);
				PRODUCT_BUNDLE_IDENTIFIER = com.osiris.StackoverflowSearch;
				PRODUCT_NAME = "$(TARGET_NAME)";
				SWIFT_VERSION = 5.0;
				TARGETED_DEVICE_FAMILY = "1,2";
			};
			name = Release;
		};
		0B47D3EC24CEE8E2008CFE86 /* Debug */ = {
			isa = XCBuildConfiguration;
			buildSettings = {
				ALWAYS_EMBED_SWIFT_STANDARD_LIBRARIES = YES;
				BUNDLE_LOADER = "$(TEST_HOST)";
				CODE_SIGN_STYLE = Automatic;
				DEVELOPMENT_TEAM = E46UK4CQ55;
				INFOPLIST_FILE = StackoverflowSearchTests/Info.plist;
				IPHONEOS_DEPLOYMENT_TARGET = 13.6;
				LD_RUNPATH_SEARCH_PATHS = (
					"$(inherited)",
					"@executable_path/Frameworks",
					"@loader_path/Frameworks",
				);
				PRODUCT_BUNDLE_IDENTIFIER = com.osiris.StackoverflowSearchTests;
				PRODUCT_NAME = "$(TARGET_NAME)";
				SWIFT_VERSION = 5.0;
				TARGETED_DEVICE_FAMILY = "1,2";
				TEST_HOST = "$(BUILT_PRODUCTS_DIR)/StackoverflowSearch.app/StackoverflowSearch";
			};
			name = Debug;
		};
		0B47D3ED24CEE8E2008CFE86 /* Release */ = {
			isa = XCBuildConfiguration;
			buildSettings = {
				ALWAYS_EMBED_SWIFT_STANDARD_LIBRARIES = YES;
				BUNDLE_LOADER = "$(TEST_HOST)";
				CODE_SIGN_STYLE = Automatic;
				DEVELOPMENT_TEAM = E46UK4CQ55;
				INFOPLIST_FILE = StackoverflowSearchTests/Info.plist;
				IPHONEOS_DEPLOYMENT_TARGET = 13.6;
				LD_RUNPATH_SEARCH_PATHS = (
					"$(inherited)",
					"@executable_path/Frameworks",
					"@loader_path/Frameworks",
				);
				PRODUCT_BUNDLE_IDENTIFIER = com.osiris.StackoverflowSearchTests;
				PRODUCT_NAME = "$(TARGET_NAME)";
				SWIFT_VERSION = 5.0;
				TARGETED_DEVICE_FAMILY = "1,2";
				TEST_HOST = "$(BUILT_PRODUCTS_DIR)/StackoverflowSearch.app/StackoverflowSearch";
			};
			name = Release;
		};
		0B47D3EF24CEE8E2008CFE86 /* Debug */ = {
			isa = XCBuildConfiguration;
			buildSettings = {
				ALWAYS_EMBED_SWIFT_STANDARD_LIBRARIES = YES;
				CODE_SIGN_STYLE = Automatic;
				DEVELOPMENT_TEAM = E46UK4CQ55;
				INFOPLIST_FILE = StackoverflowSearchUITests/Info.plist;
				LD_RUNPATH_SEARCH_PATHS = (
					"$(inherited)",
					"@executable_path/Frameworks",
					"@loader_path/Frameworks",
				);
				PRODUCT_BUNDLE_IDENTIFIER = com.osiris.StackoverflowSearchUITests;
				PRODUCT_NAME = "$(TARGET_NAME)";
				SWIFT_VERSION = 5.0;
				TARGETED_DEVICE_FAMILY = "1,2";
				TEST_TARGET_NAME = StackoverflowSearch;
			};
			name = Debug;
		};
		0B47D3F024CEE8E2008CFE86 /* Release */ = {
			isa = XCBuildConfiguration;
			buildSettings = {
				ALWAYS_EMBED_SWIFT_STANDARD_LIBRARIES = YES;
				CODE_SIGN_STYLE = Automatic;
				DEVELOPMENT_TEAM = E46UK4CQ55;
				INFOPLIST_FILE = StackoverflowSearchUITests/Info.plist;
				LD_RUNPATH_SEARCH_PATHS = (
					"$(inherited)",
					"@executable_path/Frameworks",
					"@loader_path/Frameworks",
				);
				PRODUCT_BUNDLE_IDENTIFIER = com.osiris.StackoverflowSearchUITests;
				PRODUCT_NAME = "$(TARGET_NAME)";
				SWIFT_VERSION = 5.0;
				TARGETED_DEVICE_FAMILY = "1,2";
				TEST_TARGET_NAME = StackoverflowSearch;
			};
			name = Release;
		};
/* End XCBuildConfiguration section */

/* Begin XCConfigurationList section */
		0B47D3B924CEE8DF008CFE86 /* Build configuration list for PBXProject "StackoverflowSearch" */ = {
			isa = XCConfigurationList;
			buildConfigurations = (
				0B47D3E624CEE8E2008CFE86 /* Debug */,
				0B47D3E724CEE8E2008CFE86 /* Release */,
			);
			defaultConfigurationIsVisible = 0;
			defaultConfigurationName = Release;
		};
		0B47D3E824CEE8E2008CFE86 /* Build configuration list for PBXNativeTarget "StackoverflowSearch" */ = {
			isa = XCConfigurationList;
			buildConfigurations = (
				0B47D3E924CEE8E2008CFE86 /* Debug */,
				0B47D3EA24CEE8E2008CFE86 /* Release */,
			);
			defaultConfigurationIsVisible = 0;
			defaultConfigurationName = Release;
		};
		0B47D3EB24CEE8E2008CFE86 /* Build configuration list for PBXNativeTarget "StackoverflowSearchTests" */ = {
			isa = XCConfigurationList;
			buildConfigurations = (
				0B47D3EC24CEE8E2008CFE86 /* Debug */,
				0B47D3ED24CEE8E2008CFE86 /* Release */,
			);
			defaultConfigurationIsVisible = 0;
			defaultConfigurationName = Release;
		};
		0B47D3EE24CEE8E2008CFE86 /* Build configuration list for PBXNativeTarget "StackoverflowSearchUITests" */ = {
			isa = XCConfigurationList;
			buildConfigurations = (
				0B47D3EF24CEE8E2008CFE86 /* Debug */,
				0B47D3F024CEE8E2008CFE86 /* Release */,
			);
			defaultConfigurationIsVisible = 0;
			defaultConfigurationName = Release;
		};
/* End XCConfigurationList section */
	};
	rootObject = 0B47D3B624CEE8DF008CFE86 /* Project object */;
}
